// !$*UTF8*$!
{
	archiveVersion = 1;
	classes = {
	};
	objectVersion = 50;
	objects = {

/* Begin PBXBuildFile section */
		1303C8D32240969F00C7D701 /* SummaryTallyTable.swift in Sources */ = {isa = PBXBuildFile; fileRef = 1303C8D22240969F00C7D701 /* SummaryTallyTable.swift */; };
		1303C8D52240B3AD00C7D701 /* ConsumeTypeTable.swift in Sources */ = {isa = PBXBuildFile; fileRef = 1303C8D42240B3AD00C7D701 /* ConsumeTypeTable.swift */; };
		1303C8D72240B75100C7D701 /* Summary.swift in Sources */ = {isa = PBXBuildFile; fileRef = 1303C8D62240B75100C7D701 /* Summary.swift */; };
		1303C8D92240B7E700C7D701 /* ConsumeType.swift in Sources */ = {isa = PBXBuildFile; fileRef = 1303C8D82240B7E700C7D701 /* ConsumeType.swift */; };
		1308816E224B22A000E9CFC3 /* LightRefresh.swift in Sources */ = {isa = PBXBuildFile; fileRef = 1308816D224B22A000E9CFC3 /* LightRefresh.swift */; };
		13088171224B455800E9CFC3 /* FooterRefreshComponent.swift in Sources */ = {isa = PBXBuildFile; fileRef = 13088170224B455800E9CFC3 /* FooterRefreshComponent.swift */; };
		13088173224B757000E9CFC3 /* HeaderRefreshComponent.swift in Sources */ = {isa = PBXBuildFile; fileRef = 13088172224B757000E9CFC3 /* HeaderRefreshComponent.swift */; };
		13088175224B766800E9CFC3 /* RefreshComponent.swift in Sources */ = {isa = PBXBuildFile; fileRef = 13088174224B766800E9CFC3 /* RefreshComponent.swift */; };
		130EB561223F7FBE00963016 /* Details_ListTableViewHeader.swift in Sources */ = {isa = PBXBuildFile; fileRef = 130EB560223F7FBE00963016 /* Details_ListTableViewHeader.swift */; };
		130EB565223F8A0000963016 /* CalendarHelper.swift in Sources */ = {isa = PBXBuildFile; fileRef = 130EB564223F8A0000963016 /* CalendarHelper.swift */; };
		130EB567223FA85C00963016 /* TallyListHeaderModel.swift in Sources */ = {isa = PBXBuildFile; fileRef = 130EB566223FA85C00963016 /* TallyListHeaderModel.swift */; };
		1323E3D122366C54008AE30E /* ConsumeTypeView.swift in Sources */ = {isa = PBXBuildFile; fileRef = 13838E20223259F3007934E0 /* ConsumeTypeView.swift */; };
		133E7BC3222F96B3004D79CC /* AppDelegate.swift in Sources */ = {isa = PBXBuildFile; fileRef = 133E7BC2222F96B3004D79CC /* AppDelegate.swift */; };
		133E7BC5222F96B3004D79CC /* ViewController.swift in Sources */ = {isa = PBXBuildFile; fileRef = 133E7BC4222F96B3004D79CC /* ViewController.swift */; };
		133E7BC8222F96B3004D79CC /* Main.storyboard in Resources */ = {isa = PBXBuildFile; fileRef = 133E7BC6222F96B3004D79CC /* Main.storyboard */; };
		133E7BCB222F96B3004D79CC /* tally.xcdatamodeld in Sources */ = {isa = PBXBuildFile; fileRef = 133E7BC9222F96B3004D79CC /* tally.xcdatamodeld */; };
		133E7BCD222F96B4004D79CC /* Assets.xcassets in Resources */ = {isa = PBXBuildFile; fileRef = 133E7BCC222F96B4004D79CC /* Assets.xcassets */; };
		133E7BD0222F96B4004D79CC /* LaunchScreen.storyboard in Resources */ = {isa = PBXBuildFile; fileRef = 133E7BCE222F96B4004D79CC /* LaunchScreen.storyboard */; };
		133E7BDC222F9BED004D79CC /* TabBarViewController.swift in Sources */ = {isa = PBXBuildFile; fileRef = 133E7BDB222F9BED004D79CC /* TabBarViewController.swift */; };
		133E7BDF222F9D82004D79CC /* CustomTabBar.swift in Sources */ = {isa = PBXBuildFile; fileRef = 133E7BDE222F9D82004D79CC /* CustomTabBar.swift */; };
		133E7BE4222FA81A004D79CC /* Common.swift in Sources */ = {isa = PBXBuildFile; fileRef = 133E7BE3222FA81A004D79CC /* Common.swift */; };
		133E7BE8222FAE22004D79CC /* HomeViewController.swift in Sources */ = {isa = PBXBuildFile; fileRef = 133E7BE7222FAE22004D79CC /* HomeViewController.swift */; };
		134613532230B75000E9136E /* AddViewController.swift in Sources */ = {isa = PBXBuildFile; fileRef = 134613522230B75000E9136E /* AddViewController.swift */; };
		134613562230C38D00E9136E /* AddTopView.swift in Sources */ = {isa = PBXBuildFile; fileRef = 134613552230C38D00E9136E /* AddTopView.swift */; };
		1346135A2230F1FA00E9136E /* UIColorExtension.swift in Sources */ = {isa = PBXBuildFile; fileRef = 134613592230F1F900E9136E /* UIColorExtension.swift */; };
		1346135C223100A600E9136E /* KeyboardView.swift in Sources */ = {isa = PBXBuildFile; fileRef = 1346135B223100A600E9136E /* KeyboardView.swift */; };
		134613602231061800E9136E /* Key.swift in Sources */ = {isa = PBXBuildFile; fileRef = 1346135F2231061800E9136E /* Key.swift */; };
		1368F497223E80630053CF28 /* Details_scrollViewItem.swift in Sources */ = {isa = PBXBuildFile; fileRef = 1368F496223E80630053CF28 /* Details_scrollViewItem.swift */; };
		1368F499223E83AD0053CF28 /* Details_ListTableViewCell.swift in Sources */ = {isa = PBXBuildFile; fileRef = 1368F498223E83AD0053CF28 /* Details_ListTableViewCell.swift */; };
		13708A07224352F1005DCDE2 /* Details_DateSelectView.swift in Sources */ = {isa = PBXBuildFile; fileRef = 13708A06224352F1005DCDE2 /* Details_DateSelectView.swift */; };
		13708A0B2243827A005DCDE2 /* CustomNavigationBar.swift in Sources */ = {isa = PBXBuildFile; fileRef = 13708A0A2243827A005DCDE2 /* CustomNavigationBar.swift */; };
		13708A0D22438373005DCDE2 /* BackButton.swift in Sources */ = {isa = PBXBuildFile; fileRef = 13708A0C22438373005DCDE2 /* BackButton.swift */; };
		13708A0F2243854A005DCDE2 /* BillingDetailsViewController.swift in Sources */ = {isa = PBXBuildFile; fileRef = 13708A0E2243854A005DCDE2 /* BillingDetailsViewController.swift */; };
		13838E1E22321255007934E0 /* Add_InputAmountView.swift in Sources */ = {isa = PBXBuildFile; fileRef = 13838E1D22321255007934E0 /* Add_InputAmountView.swift */; };
		13838E2522326895007934E0 /* ConsumeTypeCollectionViewCell.swift in Sources */ = {isa = PBXBuildFile; fileRef = 13838E2422326895007934E0 /* ConsumeTypeCollectionViewCell.swift */; };
		13838E292232733B007934E0 /* ConsumeTypeUICollectionViewFlowLayout.swift in Sources */ = {isa = PBXBuildFile; fileRef = 13838E282232733B007934E0 /* ConsumeTypeUICollectionViewFlowLayout.swift */; };
		1392E50B223B9969007A4C59 /* ConsumeType.plist in Resources */ = {isa = PBXBuildFile; fileRef = 1392E50A223B9969007A4C59 /* ConsumeType.plist */; };
		1392E50E223BAA31007A4C59 /* ConsumeTypeModel.swift in Sources */ = {isa = PBXBuildFile; fileRef = 1392E50D223BAA31007A4C59 /* ConsumeTypeModel.swift */; };
		1392E510223BAE17007A4C59 /* TallyModel.swift in Sources */ = {isa = PBXBuildFile; fileRef = 1392E50F223BAE17007A4C59 /* TallyModel.swift */; };
		13A1E3E62241E84400AE9FAD /* DetailsTopView_DateShowView.swift in Sources */ = {isa = PBXBuildFile; fileRef = 13A1E3E52241E84400AE9FAD /* DetailsTopView_DateShowView.swift */; };
		13A1E3E82242378800AE9FAD /* CustomDatePicker.swift in Sources */ = {isa = PBXBuildFile; fileRef = 13A1E3E72242378800AE9FAD /* CustomDatePicker.swift */; };
		13B60E512238FA1300A72CBC /* SelectDateView.swift in Sources */ = {isa = PBXBuildFile; fileRef = 13B60E502238FA1300A72CBC /* SelectDateView.swift */; };
		13B60E542238FD5A00A72CBC /* TodayView.swift in Sources */ = {isa = PBXBuildFile; fileRef = 13B60E532238FD5A00A72CBC /* TodayView.swift */; };
		13B60E582239117300A72CBC /* RemarkView.swift in Sources */ = {isa = PBXBuildFile; fileRef = 13B60E5622390B4500A72CBC /* RemarkView.swift */; };
		13D5C6F4223D354F005FC8BB /* Details_TopView.swift in Sources */ = {isa = PBXBuildFile; fileRef = 13D5C6F3223D354F005FC8BB /* Details_TopView.swift */; };
		13D5C6F9223D3BCE005FC8BB /* 汉仪细行楷简.ttf in Resources */ = {isa = PBXBuildFile; fileRef = 13D5C6F8223D3BCE005FC8BB /* 汉仪细行楷简.ttf */; };
		13DD2DA5223A5187008F9B6B /* DateShownView.swift in Sources */ = {isa = PBXBuildFile; fileRef = 13DD2DA4223A5187008F9B6B /* DateShownView.swift */; };
		13E68FAA223C83150060B106 /* IncomeType.plist in Resources */ = {isa = PBXBuildFile; fileRef = 13E68FA9223C83150060B106 /* IncomeType.plist */; };
		13E68FAD223CB7770060B106 /* SQLite.framework in Frameworks */ = {isa = PBXBuildFile; fileRef = 13E68FAC223CB7770060B106 /* SQLite.framework */; };
		13E68FAF223CB7C40060B106 /* SqlManager.swift in Sources */ = {isa = PBXBuildFile; fileRef = 13E68FAE223CB7C40060B106 /* SqlManager.swift */; };
		13E68FB1223CCA720060B106 /* UsersTable.swift in Sources */ = {isa = PBXBuildFile; fileRef = 13E68FB0223CCA720060B106 /* UsersTable.swift */; };
		13E68FB3223CDBEE0060B106 /* libsqlite3.tbd in Frameworks */ = {isa = PBXBuildFile; fileRef = 13E68FB2223CDBEE0060B106 /* libsqlite3.tbd */; };
		13E68FB7223CEEB40060B106 /* User.swift in Sources */ = {isa = PBXBuildFile; fileRef = 13E68FB6223CEEB40060B106 /* User.swift */; };
		13E68FB9223CF7510060B106 /* TallyTable.swift in Sources */ = {isa = PBXBuildFile; fileRef = 13E68FB8223CF7510060B106 /* TallyTable.swift */; };
		13E68FBB223CFD170060B106 /* TallyList.swift in Sources */ = {isa = PBXBuildFile; fileRef = 13E68FBA223CFD170060B106 /* TallyList.swift */; };
		13F1673E22377CD20018E908 /* MyBtn.swift in Sources */ = {isa = PBXBuildFile; fileRef = 13F1673D22377CD20018E908 /* MyBtn.swift */; };
		5578B761E51E9BBDBF38D452 /* Pods_tally.framework in Frameworks */ = {isa = PBXBuildFile; fileRef = B26979D66EE8C53092435A99 /* Pods_tally.framework */; };
/* End PBXBuildFile section */

/* Begin PBXFileReference section */
		1303C8D22240969F00C7D701 /* SummaryTallyTable.swift */ = {isa = PBXFileReference; lastKnownFileType = sourcecode.swift; path = SummaryTallyTable.swift; sourceTree = "<group>"; };
		1303C8D42240B3AD00C7D701 /* ConsumeTypeTable.swift */ = {isa = PBXFileReference; lastKnownFileType = sourcecode.swift; path = ConsumeTypeTable.swift; sourceTree = "<group>"; };
		1303C8D62240B75100C7D701 /* Summary.swift */ = {isa = PBXFileReference; lastKnownFileType = sourcecode.swift; path = Summary.swift; sourceTree = "<group>"; };
		1303C8D82240B7E700C7D701 /* ConsumeType.swift */ = {isa = PBXFileReference; lastKnownFileType = sourcecode.swift; path = ConsumeType.swift; sourceTree = "<group>"; };
		1308816D224B22A000E9CFC3 /* LightRefresh.swift */ = {isa = PBXFileReference; lastKnownFileType = sourcecode.swift; path = LightRefresh.swift; sourceTree = "<group>"; };
		13088170224B455800E9CFC3 /* FooterRefreshComponent.swift */ = {isa = PBXFileReference; lastKnownFileType = sourcecode.swift; path = FooterRefreshComponent.swift; sourceTree = "<group>"; };
		13088172224B757000E9CFC3 /* HeaderRefreshComponent.swift */ = {isa = PBXFileReference; lastKnownFileType = sourcecode.swift; path = HeaderRefreshComponent.swift; sourceTree = "<group>"; };
		13088174224B766800E9CFC3 /* RefreshComponent.swift */ = {isa = PBXFileReference; lastKnownFileType = sourcecode.swift; path = RefreshComponent.swift; sourceTree = "<group>"; };
		130EB560223F7FBE00963016 /* Details_ListTableViewHeader.swift */ = {isa = PBXFileReference; lastKnownFileType = sourcecode.swift; path = Details_ListTableViewHeader.swift; sourceTree = "<group>"; };
		130EB564223F8A0000963016 /* CalendarHelper.swift */ = {isa = PBXFileReference; lastKnownFileType = sourcecode.swift; path = CalendarHelper.swift; sourceTree = "<group>"; };
		130EB566223FA85C00963016 /* TallyListHeaderModel.swift */ = {isa = PBXFileReference; lastKnownFileType = sourcecode.swift; path = TallyListHeaderModel.swift; sourceTree = "<group>"; };
		133E7BBF222F96B3004D79CC /* tally.app */ = {isa = PBXFileReference; explicitFileType = wrapper.application; includeInIndex = 0; path = tally.app; sourceTree = BUILT_PRODUCTS_DIR; };
		133E7BC2222F96B3004D79CC /* AppDelegate.swift */ = {isa = PBXFileReference; lastKnownFileType = sourcecode.swift; path = AppDelegate.swift; sourceTree = "<group>"; };
		133E7BC4222F96B3004D79CC /* ViewController.swift */ = {isa = PBXFileReference; lastKnownFileType = sourcecode.swift; path = ViewController.swift; sourceTree = "<group>"; };
		133E7BC7222F96B3004D79CC /* Base */ = {isa = PBXFileReference; lastKnownFileType = file.storyboard; name = Base; path = Base.lproj/Main.storyboard; sourceTree = "<group>"; };
		133E7BCA222F96B3004D79CC /* tally.xcdatamodel */ = {isa = PBXFileReference; lastKnownFileType = wrapper.xcdatamodel; path = tally.xcdatamodel; sourceTree = "<group>"; };
		133E7BCC222F96B4004D79CC /* Assets.xcassets */ = {isa = PBXFileReference; lastKnownFileType = folder.assetcatalog; path = Assets.xcassets; sourceTree = "<group>"; };
		133E7BCF222F96B4004D79CC /* Base */ = {isa = PBXFileReference; lastKnownFileType = file.storyboard; name = Base; path = Base.lproj/LaunchScreen.storyboard; sourceTree = "<group>"; };
		133E7BD1222F96B4004D79CC /* Info.plist */ = {isa = PBXFileReference; lastKnownFileType = text.plist.xml; path = Info.plist; sourceTree = "<group>"; };
		133E7BDB222F9BED004D79CC /* TabBarViewController.swift */ = {isa = PBXFileReference; lastKnownFileType = sourcecode.swift; path = TabBarViewController.swift; sourceTree = "<group>"; };
		133E7BDE222F9D82004D79CC /* CustomTabBar.swift */ = {isa = PBXFileReference; lastKnownFileType = sourcecode.swift; path = CustomTabBar.swift; sourceTree = "<group>"; };
		133E7BE3222FA81A004D79CC /* Common.swift */ = {isa = PBXFileReference; lastKnownFileType = sourcecode.swift; path = Common.swift; sourceTree = "<group>"; };
		133E7BE7222FAE22004D79CC /* HomeViewController.swift */ = {isa = PBXFileReference; lastKnownFileType = sourcecode.swift; path = HomeViewController.swift; sourceTree = "<group>"; };
		134613522230B75000E9136E /* AddViewController.swift */ = {isa = PBXFileReference; lastKnownFileType = sourcecode.swift; path = AddViewController.swift; sourceTree = "<group>"; };
		134613552230C38D00E9136E /* AddTopView.swift */ = {isa = PBXFileReference; lastKnownFileType = sourcecode.swift; path = AddTopView.swift; sourceTree = "<group>"; };
		134613592230F1F900E9136E /* UIColorExtension.swift */ = {isa = PBXFileReference; lastKnownFileType = sourcecode.swift; path = UIColorExtension.swift; sourceTree = "<group>"; };
		1346135B223100A600E9136E /* KeyboardView.swift */ = {isa = PBXFileReference; lastKnownFileType = sourcecode.swift; path = KeyboardView.swift; sourceTree = "<group>"; };
		1346135F2231061800E9136E /* Key.swift */ = {isa = PBXFileReference; lastKnownFileType = sourcecode.swift; path = Key.swift; sourceTree = "<group>"; };
		1368F496223E80630053CF28 /* Details_scrollViewItem.swift */ = {isa = PBXFileReference; lastKnownFileType = sourcecode.swift; path = Details_scrollViewItem.swift; sourceTree = "<group>"; };
		1368F498223E83AD0053CF28 /* Details_ListTableViewCell.swift */ = {isa = PBXFileReference; lastKnownFileType = sourcecode.swift; path = Details_ListTableViewCell.swift; sourceTree = "<group>"; };
		13708A06224352F1005DCDE2 /* Details_DateSelectView.swift */ = {isa = PBXFileReference; lastKnownFileType = sourcecode.swift; path = Details_DateSelectView.swift; sourceTree = "<group>"; };
		13708A0A2243827A005DCDE2 /* CustomNavigationBar.swift */ = {isa = PBXFileReference; lastKnownFileType = sourcecode.swift; path = CustomNavigationBar.swift; sourceTree = "<group>"; };
		13708A0C22438373005DCDE2 /* BackButton.swift */ = {isa = PBXFileReference; lastKnownFileType = sourcecode.swift; path = BackButton.swift; sourceTree = "<group>"; };
		13708A0E2243854A005DCDE2 /* BillingDetailsViewController.swift */ = {isa = PBXFileReference; lastKnownFileType = sourcecode.swift; path = BillingDetailsViewController.swift; sourceTree = "<group>"; };
		13838E1D22321255007934E0 /* Add_InputAmountView.swift */ = {isa = PBXFileReference; lastKnownFileType = sourcecode.swift; path = Add_InputAmountView.swift; sourceTree = "<group>"; };
		13838E20223259F3007934E0 /* ConsumeTypeView.swift */ = {isa = PBXFileReference; lastKnownFileType = sourcecode.swift; path = ConsumeTypeView.swift; sourceTree = "<group>"; };
		13838E2422326895007934E0 /* ConsumeTypeCollectionViewCell.swift */ = {isa = PBXFileReference; lastKnownFileType = sourcecode.swift; path = ConsumeTypeCollectionViewCell.swift; sourceTree = "<group>"; };
		13838E282232733B007934E0 /* ConsumeTypeUICollectionViewFlowLayout.swift */ = {isa = PBXFileReference; lastKnownFileType = sourcecode.swift; path = ConsumeTypeUICollectionViewFlowLayout.swift; sourceTree = "<group>"; };
		1392E50A223B9969007A4C59 /* ConsumeType.plist */ = {isa = PBXFileReference; lastKnownFileType = text.plist.xml; path = ConsumeType.plist; sourceTree = "<group>"; };
		1392E50D223BAA31007A4C59 /* ConsumeTypeModel.swift */ = {isa = PBXFileReference; lastKnownFileType = sourcecode.swift; path = ConsumeTypeModel.swift; sourceTree = "<group>"; };
		1392E50F223BAE17007A4C59 /* TallyModel.swift */ = {isa = PBXFileReference; lastKnownFileType = sourcecode.swift; path = TallyModel.swift; sourceTree = "<group>"; };
		13A1E3E52241E84400AE9FAD /* DetailsTopView_DateShowView.swift */ = {isa = PBXFileReference; lastKnownFileType = sourcecode.swift; path = DetailsTopView_DateShowView.swift; sourceTree = "<group>"; };
		13A1E3E72242378800AE9FAD /* CustomDatePicker.swift */ = {isa = PBXFileReference; lastKnownFileType = sourcecode.swift; path = CustomDatePicker.swift; sourceTree = "<group>"; };
		13B60E502238FA1300A72CBC /* SelectDateView.swift */ = {isa = PBXFileReference; lastKnownFileType = sourcecode.swift; path = SelectDateView.swift; sourceTree = "<group>"; };
		13B60E532238FD5A00A72CBC /* TodayView.swift */ = {isa = PBXFileReference; lastKnownFileType = sourcecode.swift; path = TodayView.swift; sourceTree = "<group>"; };
		13B60E5622390B4500A72CBC /* RemarkView.swift */ = {isa = PBXFileReference; lastKnownFileType = sourcecode.swift; path = RemarkView.swift; sourceTree = "<group>"; };
		13D5C6F3223D354F005FC8BB /* Details_TopView.swift */ = {isa = PBXFileReference; lastKnownFileType = sourcecode.swift; path = Details_TopView.swift; sourceTree = "<group>"; };
		13D5C6F8223D3BCE005FC8BB /* 汉仪细行楷简.ttf */ = {isa = PBXFileReference; lastKnownFileType = file; path = "汉仪细行楷简.ttf"; sourceTree = "<group>"; };
		13DD2DA4223A5187008F9B6B /* DateShownView.swift */ = {isa = PBXFileReference; lastKnownFileType = sourcecode.swift; path = DateShownView.swift; sourceTree = "<group>"; };
		13E68FA9223C83150060B106 /* IncomeType.plist */ = {isa = PBXFileReference; lastKnownFileType = text.plist.xml; path = IncomeType.plist; sourceTree = "<group>"; };
		13E68FAC223CB7770060B106 /* SQLite.framework */ = {isa = PBXFileReference; explicitFileType = wrapper.framework; path = SQLite.framework; sourceTree = BUILT_PRODUCTS_DIR; };
		13E68FAE223CB7C40060B106 /* SqlManager.swift */ = {isa = PBXFileReference; lastKnownFileType = sourcecode.swift; path = SqlManager.swift; sourceTree = "<group>"; };
		13E68FB0223CCA720060B106 /* UsersTable.swift */ = {isa = PBXFileReference; lastKnownFileType = sourcecode.swift; path = UsersTable.swift; sourceTree = "<group>"; };
		13E68FB2223CDBEE0060B106 /* libsqlite3.tbd */ = {isa = PBXFileReference; lastKnownFileType = "sourcecode.text-based-dylib-definition"; name = libsqlite3.tbd; path = usr/lib/libsqlite3.tbd; sourceTree = SDKROOT; };
		13E68FB6223CEEB40060B106 /* User.swift */ = {isa = PBXFileReference; lastKnownFileType = sourcecode.swift; path = User.swift; sourceTree = "<group>"; };
		13E68FB8223CF7510060B106 /* TallyTable.swift */ = {isa = PBXFileReference; lastKnownFileType = sourcecode.swift; path = TallyTable.swift; sourceTree = "<group>"; };
		13E68FBA223CFD170060B106 /* TallyList.swift */ = {isa = PBXFileReference; lastKnownFileType = sourcecode.swift; path = TallyList.swift; sourceTree = "<group>"; };
		13F1673D22377CD20018E908 /* MyBtn.swift */ = {isa = PBXFileReference; lastKnownFileType = sourcecode.swift; path = MyBtn.swift; sourceTree = "<group>"; };
		19588EB29233DC090F335142 /* Pods-tally.debug.xcconfig */ = {isa = PBXFileReference; includeInIndex = 1; lastKnownFileType = text.xcconfig; name = "Pods-tally.debug.xcconfig"; path = "Pods/Target Support Files/Pods-tally/Pods-tally.debug.xcconfig"; sourceTree = "<group>"; };
		473828AB58C467331F7C001C /* Pods-tally.release.xcconfig */ = {isa = PBXFileReference; includeInIndex = 1; lastKnownFileType = text.xcconfig; name = "Pods-tally.release.xcconfig"; path = "Pods/Target Support Files/Pods-tally/Pods-tally.release.xcconfig"; sourceTree = "<group>"; };
		B26979D66EE8C53092435A99 /* Pods_tally.framework */ = {isa = PBXFileReference; explicitFileType = wrapper.framework; includeInIndex = 0; path = Pods_tally.framework; sourceTree = BUILT_PRODUCTS_DIR; };
/* End PBXFileReference section */

/* Begin PBXFrameworksBuildPhase section */
		133E7BBC222F96B3004D79CC /* Frameworks */ = {
			isa = PBXFrameworksBuildPhase;
			buildActionMask = 2147483647;
			files = (
				13E68FB3223CDBEE0060B106 /* libsqlite3.tbd in Frameworks */,
				13E68FAD223CB7770060B106 /* SQLite.framework in Frameworks */,
				5578B761E51E9BBDBF38D452 /* Pods_tally.framework in Frameworks */,
			);
			runOnlyForDeploymentPostprocessing = 0;
		};
/* End PBXFrameworksBuildPhase section */

/* Begin PBXGroup section */
		1308816F224B3E8C00E9CFC3 /* LightRefresh */ = {
			isa = PBXGroup;
			children = (
				1308816D224B22A000E9CFC3 /* LightRefresh.swift */,
				13088170224B455800E9CFC3 /* FooterRefreshComponent.swift */,
				13088172224B757000E9CFC3 /* HeaderRefreshComponent.swift */,
				13088174224B766800E9CFC3 /* RefreshComponent.swift */,
			);
			path = LightRefresh;
			sourceTree = "<group>";
		};
		130EB562223F894D00963016 /* Function */ = {
			isa = PBXGroup;
			children = (
				1308816F224B3E8C00E9CFC3 /* LightRefresh */,
				130EB564223F8A0000963016 /* CalendarHelper.swift */,
			);
			path = Function;
			sourceTree = "<group>";
		};
		1323E3C922362FE0008AE30E /* Extension */ = {
			isa = PBXGroup;
			children = (
				134613592230F1F900E9136E /* UIColorExtension.swift */,
			);
			path = Extension;
			sourceTree = "<group>";
		};
		1323E3CA22362FEB008AE30E /* Global */ = {
			isa = PBXGroup;
			children = (
				133E7BE3222FA81A004D79CC /* Common.swift */,
			);
			path = Global;
			sourceTree = "<group>";
		};
		133E7BB6222F96B3004D79CC = {
			isa = PBXGroup;
			children = (
				133E7BC1222F96B3004D79CC /* tally */,
				133E7BC0222F96B3004D79CC /* Products */,
				C5C30DD9C929A00E5A923BD2 /* Pods */,
				C96882B2C498303803C3332C /* Frameworks */,
			);
			sourceTree = "<group>";
		};
		133E7BC0222F96B3004D79CC /* Products */ = {
			isa = PBXGroup;
			children = (
				133E7BBF222F96B3004D79CC /* tally.app */,
			);
			name = Products;
			sourceTree = "<group>";
		};
		133E7BC1222F96B3004D79CC /* tally */ = {
			isa = PBXGroup;
			children = (
				13E68FAB223CB72C0060B106 /* SqlManager */,
				1392E509223B993D007A4C59 /* Resource */,
				133E7BE0222F9EE0004D79CC /* Common */,
				133E7BD8222F9B4B004D79CC /* Flow */,
				133E7BD7222F96F9004D79CC /* AppDelegate */,
				133E7BC4222F96B3004D79CC /* ViewController.swift */,
				133E7BC6222F96B3004D79CC /* Main.storyboard */,
				133E7BCC222F96B4004D79CC /* Assets.xcassets */,
				133E7BCE222F96B4004D79CC /* LaunchScreen.storyboard */,
				133E7BD1222F96B4004D79CC /* Info.plist */,
				133E7BC9222F96B3004D79CC /* tally.xcdatamodeld */,
			);
			path = tally;
			sourceTree = "<group>";
		};
		133E7BD7222F96F9004D79CC /* AppDelegate */ = {
			isa = PBXGroup;
			children = (
				133E7BC2222F96B3004D79CC /* AppDelegate.swift */,
			);
			path = AppDelegate;
			sourceTree = "<group>";
		};
		133E7BD8222F9B4B004D79CC /* Flow */ = {
			isa = PBXGroup;
			children = (
				134613502230B73100E9136E /* Add */,
				133E7BE5222FADED004D79CC /* Home */,
				133E7BD9222F9B80004D79CC /* TabBar */,
			);
			path = Flow;
			sourceTree = "<group>";
		};
		133E7BD9222F9B80004D79CC /* TabBar */ = {
			isa = PBXGroup;
			children = (
				133E7BDD222F9D5D004D79CC /* View */,
				133E7BDA222F9BC3004D79CC /* Controller */,
			);
			path = TabBar;
			sourceTree = "<group>";
		};
		133E7BDA222F9BC3004D79CC /* Controller */ = {
			isa = PBXGroup;
			children = (
				133E7BDB222F9BED004D79CC /* TabBarViewController.swift */,
			);
			path = Controller;
			sourceTree = "<group>";
		};
		133E7BDD222F9D5D004D79CC /* View */ = {
			isa = PBXGroup;
			children = (
				133E7BDE222F9D82004D79CC /* CustomTabBar.swift */,
			);
			path = View;
			sourceTree = "<group>";
		};
		133E7BE0222F9EE0004D79CC /* Common */ = {
			isa = PBXGroup;
			children = (
				130EB562223F894D00963016 /* Function */,
				1392E511223BAE90007A4C59 /* Model */,
				13F1673C22377CB10018E908 /* View */,
				1323E3CA22362FEB008AE30E /* Global */,
				1323E3C922362FE0008AE30E /* Extension */,
			);
			path = Common;
			sourceTree = "<group>";
		};
		133E7BE5222FADED004D79CC /* Home */ = {
			isa = PBXGroup;
			children = (
				13D5C6F2223D3398005FC8BB /* Model */,
				13D5C6F1223D338F005FC8BB /* View */,
				133E7BE6222FAE00004D79CC /* Controller */,
			);
			path = Home;
			sourceTree = "<group>";
		};
		133E7BE6222FAE00004D79CC /* Controller */ = {
			isa = PBXGroup;
			children = (
				133E7BE7222FAE22004D79CC /* HomeViewController.swift */,
				13708A0E2243854A005DCDE2 /* BillingDetailsViewController.swift */,
			);
			path = Controller;
			sourceTree = "<group>";
		};
		134613502230B73100E9136E /* Add */ = {
			isa = PBXGroup;
			children = (
				1392E50C223BAA0D007A4C59 /* Modle */,
				134613542230B8AA00E9136E /* View */,
				134613512230B73A00E9136E /* Controller */,
			);
			path = Add;
			sourceTree = "<group>";
		};
		134613512230B73A00E9136E /* Controller */ = {
			isa = PBXGroup;
			children = (
				134613522230B75000E9136E /* AddViewController.swift */,
			);
			path = Controller;
			sourceTree = "<group>";
		};
		134613542230B8AA00E9136E /* View */ = {
			isa = PBXGroup;
			children = (
				13B60E5522390AB600A72CBC /* Remark */,
				13B60E4F2238F9B200A72CBC /* DateSelect */,
				13838E2322325A6E007934E0 /* Keyboard */,
				13838E2222325A47007934E0 /* ConsumeType */,
				134613552230C38D00E9136E /* AddTopView.swift */,
				13838E1D22321255007934E0 /* Add_InputAmountView.swift */,
			);
			path = View;
			sourceTree = "<group>";
		};
		1368F494223E7F240053CF28 /* List */ = {
			isa = PBXGroup;
			children = (
				1368F496223E80630053CF28 /* Details_scrollViewItem.swift */,
				1368F498223E83AD0053CF28 /* Details_ListTableViewCell.swift */,
				130EB560223F7FBE00963016 /* Details_ListTableViewHeader.swift */,
			);
			path = List;
			sourceTree = "<group>";
		};
		13708A05224352D5005DCDE2 /* DateSelect */ = {
			isa = PBXGroup;
			children = (
				13708A06224352F1005DCDE2 /* Details_DateSelectView.swift */,
			);
			path = DateSelect;
			sourceTree = "<group>";
		};
		13708A082243669E005DCDE2 /* Home */ = {
			isa = PBXGroup;
			children = (
				13708A05224352D5005DCDE2 /* DateSelect */,
				1368F494223E7F240053CF28 /* List */,
				13D5C6F5223D35C7005FC8BB /* Top */,
			);
			name = Home;
			path = "New Group";
			sourceTree = "<group>";
		};
		13708A09224366D7005DCDE2 /* BillingDetails */ = {
			isa = PBXGroup;
			children = (
			);
			path = BillingDetails;
			sourceTree = "<group>";
		};
		13838E2222325A47007934E0 /* ConsumeType */ = {
			isa = PBXGroup;
			children = (
				13838E20223259F3007934E0 /* ConsumeTypeView.swift */,
				13838E2422326895007934E0 /* ConsumeTypeCollectionViewCell.swift */,
				13838E282232733B007934E0 /* ConsumeTypeUICollectionViewFlowLayout.swift */,
			);
			path = ConsumeType;
			sourceTree = "<group>";
		};
		13838E2322325A6E007934E0 /* Keyboard */ = {
			isa = PBXGroup;
			children = (
				1346135B223100A600E9136E /* KeyboardView.swift */,
				1346135F2231061800E9136E /* Key.swift */,
			);
			path = Keyboard;
			sourceTree = "<group>";
		};
		1392E509223B993D007A4C59 /* Resource */ = {
			isa = PBXGroup;
			children = (
				13D5C6F7223D3B79005FC8BB /* Typeface */,
				13D5C6F6223D3B64005FC8BB /* ConsumeType */,
			);
			path = Resource;
			sourceTree = "<group>";
		};
		1392E50C223BAA0D007A4C59 /* Modle */ = {
			isa = PBXGroup;
			children = (
				1392E50D223BAA31007A4C59 /* ConsumeTypeModel.swift */,
			);
			path = Modle;
			sourceTree = "<group>";
		};
		1392E511223BAE90007A4C59 /* Model */ = {
			isa = PBXGroup;
			children = (
				1392E50F223BAE17007A4C59 /* TallyModel.swift */,
			);
			path = Model;
			sourceTree = "<group>";
		};
		13B60E4F2238F9B200A72CBC /* DateSelect */ = {
			isa = PBXGroup;
			children = (
				13B60E502238FA1300A72CBC /* SelectDateView.swift */,
				13B60E532238FD5A00A72CBC /* TodayView.swift */,
				13DD2DA4223A5187008F9B6B /* DateShownView.swift */,
			);
			path = DateSelect;
			sourceTree = "<group>";
		};
		13B60E5522390AB600A72CBC /* Remark */ = {
			isa = PBXGroup;
			children = (
				13B60E5622390B4500A72CBC /* RemarkView.swift */,
			);
			path = Remark;
			sourceTree = "<group>";
		};
		13D5C6F1223D338F005FC8BB /* View */ = {
			isa = PBXGroup;
			children = (
				13708A09224366D7005DCDE2 /* BillingDetails */,
				13708A082243669E005DCDE2 /* Home */,
			);
			path = View;
			sourceTree = "<group>";
		};
		13D5C6F2223D3398005FC8BB /* Model */ = {
			isa = PBXGroup;
			children = (
				130EB566223FA85C00963016 /* TallyListHeaderModel.swift */,
			);
			path = Model;
			sourceTree = "<group>";
		};
		13D5C6F5223D35C7005FC8BB /* Top */ = {
			isa = PBXGroup;
			children = (
				13D5C6F3223D354F005FC8BB /* Details_TopView.swift */,
				13A1E3E52241E84400AE9FAD /* DetailsTopView_DateShowView.swift */,
			);
			path = Top;
			sourceTree = "<group>";
		};
		13D5C6F6223D3B64005FC8BB /* ConsumeType */ = {
			isa = PBXGroup;
			children = (
				1392E50A223B9969007A4C59 /* ConsumeType.plist */,
				13E68FA9223C83150060B106 /* IncomeType.plist */,
			);
			path = ConsumeType;
			sourceTree = "<group>";
		};
		13D5C6F7223D3B79005FC8BB /* Typeface */ = {
			isa = PBXGroup;
			children = (
				13D5C6F8223D3BCE005FC8BB /* 汉仪细行楷简.ttf */,
			);
			path = Typeface;
			sourceTree = "<group>";
		};
		13E68FAB223CB72C0060B106 /* SqlManager */ = {
			isa = PBXGroup;
			children = (
				13E68FB5223CE53D0060B106 /* Model */,
				13E68FB4223CE5310060B106 /* TB */,
				13E68FAE223CB7C40060B106 /* SqlManager.swift */,
			);
			path = SqlManager;
			sourceTree = "<group>";
		};
		13E68FB4223CE5310060B106 /* TB */ = {
			isa = PBXGroup;
			children = (
				13E68FB0223CCA720060B106 /* UsersTable.swift */,
				13E68FB8223CF7510060B106 /* TallyTable.swift */,
				1303C8D22240969F00C7D701 /* SummaryTallyTable.swift */,
				1303C8D42240B3AD00C7D701 /* ConsumeTypeTable.swift */,
			);
			path = TB;
			sourceTree = "<group>";
		};
		13E68FB5223CE53D0060B106 /* Model */ = {
			isa = PBXGroup;
			children = (
				13E68FB6223CEEB40060B106 /* User.swift */,
				13E68FBA223CFD170060B106 /* TallyList.swift */,
				1303C8D62240B75100C7D701 /* Summary.swift */,
				1303C8D82240B7E700C7D701 /* ConsumeType.swift */,
			);
			path = Model;
			sourceTree = "<group>";
		};
		13F1673C22377CB10018E908 /* View */ = {
			isa = PBXGroup;
			children = (
				13F1673D22377CD20018E908 /* MyBtn.swift */,
				13A1E3E72242378800AE9FAD /* CustomDatePicker.swift */,
				13708A0A2243827A005DCDE2 /* CustomNavigationBar.swift */,
				13708A0C22438373005DCDE2 /* BackButton.swift */,
			);
			path = View;
			sourceTree = "<group>";
		};
		C5C30DD9C929A00E5A923BD2 /* Pods */ = {
			isa = PBXGroup;
			children = (
				19588EB29233DC090F335142 /* Pods-tally.debug.xcconfig */,
				473828AB58C467331F7C001C /* Pods-tally.release.xcconfig */,
			);
			name = Pods;
			sourceTree = "<group>";
		};
		C96882B2C498303803C3332C /* Frameworks */ = {
			isa = PBXGroup;
			children = (
				13E68FB2223CDBEE0060B106 /* libsqlite3.tbd */,
				13E68FAC223CB7770060B106 /* SQLite.framework */,
				B26979D66EE8C53092435A99 /* Pods_tally.framework */,
			);
			name = Frameworks;
			sourceTree = "<group>";
		};
/* End PBXGroup section */

/* Begin PBXNativeTarget section */
		133E7BBE222F96B3004D79CC /* tally */ = {
			isa = PBXNativeTarget;
			buildConfigurationList = 133E7BD4222F96B4004D79CC /* Build configuration list for PBXNativeTarget "tally" */;
			buildPhases = (
				DD60BC1AE6DB43CCDBE94604 /* [CP] Check Pods Manifest.lock */,
				133E7BBB222F96B3004D79CC /* Sources */,
				133E7BBC222F96B3004D79CC /* Frameworks */,
				133E7BBD222F96B3004D79CC /* Resources */,
				E0534E34C4FBA5B0B0BF5CC0 /* [CP] Embed Pods Frameworks */,
			);
			buildRules = (
			);
			dependencies = (
			);
			name = tally;
			productName = tally;
			productReference = 133E7BBF222F96B3004D79CC /* tally.app */;
			productType = "com.apple.product-type.application";
		};
/* End PBXNativeTarget section */

/* Begin PBXProject section */
		133E7BB7222F96B3004D79CC /* Project object */ = {
			isa = PBXProject;
			attributes = {
				LastSwiftUpdateCheck = 1010;
				LastUpgradeCheck = 1010;
				ORGANIZATIONNAME = "李志敬";
				TargetAttributes = {
					133E7BBE222F96B3004D79CC = {
						CreatedOnToolsVersion = 10.1;
					};
				};
			};
			buildConfigurationList = 133E7BBA222F96B3004D79CC /* Build configuration list for PBXProject "tally" */;
			compatibilityVersion = "Xcode 9.3";
			developmentRegion = en;
			hasScannedForEncodings = 0;
			knownRegions = (
				en,
				Base,
			);
			mainGroup = 133E7BB6222F96B3004D79CC;
			productRefGroup = 133E7BC0222F96B3004D79CC /* Products */;
			projectDirPath = "";
			projectRoot = "";
			targets = (
				133E7BBE222F96B3004D79CC /* tally */,
			);
		};
/* End PBXProject section */

/* Begin PBXResourcesBuildPhase section */
		133E7BBD222F96B3004D79CC /* Resources */ = {
			isa = PBXResourcesBuildPhase;
			buildActionMask = 2147483647;
			files = (
				13D5C6F9223D3BCE005FC8BB /* 汉仪细行楷简.ttf in Resources */,
				133E7BD0222F96B4004D79CC /* LaunchScreen.storyboard in Resources */,
				133E7BCD222F96B4004D79CC /* Assets.xcassets in Resources */,
				1392E50B223B9969007A4C59 /* ConsumeType.plist in Resources */,
				13E68FAA223C83150060B106 /* IncomeType.plist in Resources */,
				133E7BC8222F96B3004D79CC /* Main.storyboard in Resources */,
			);
			runOnlyForDeploymentPostprocessing = 0;
		};
/* End PBXResourcesBuildPhase section */

/* Begin PBXShellScriptBuildPhase section */
		DD60BC1AE6DB43CCDBE94604 /* [CP] Check Pods Manifest.lock */ = {
			isa = PBXShellScriptBuildPhase;
			buildActionMask = 2147483647;
			files = (
			);
			inputPaths = (
				"${PODS_PODFILE_DIR_PATH}/Podfile.lock",
				"${PODS_ROOT}/Manifest.lock",
			);
			name = "[CP] Check Pods Manifest.lock";
			outputPaths = (
				"$(DERIVED_FILE_DIR)/Pods-tally-checkManifestLockResult.txt",
			);
			runOnlyForDeploymentPostprocessing = 0;
			shellPath = /bin/sh;
			shellScript = "diff \"${PODS_PODFILE_DIR_PATH}/Podfile.lock\" \"${PODS_ROOT}/Manifest.lock\" > /dev/null\nif [ $? != 0 ] ; then\n    # print error to STDERR\n    echo \"error: The sandbox is not in sync with the Podfile.lock. Run 'pod install' or update your CocoaPods installation.\" >&2\n    exit 1\nfi\n# This output is used by Xcode 'outputs' to avoid re-running this script phase.\necho \"SUCCESS\" > \"${SCRIPT_OUTPUT_FILE_0}\"\n";
			showEnvVarsInLog = 0;
		};
		E0534E34C4FBA5B0B0BF5CC0 /* [CP] Embed Pods Frameworks */ = {
			isa = PBXShellScriptBuildPhase;
			buildActionMask = 2147483647;
			files = (
			);
			inputPaths = (
				"${SRCROOT}/Pods/Target Support Files/Pods-tally/Pods-tally-frameworks.sh",
				"${BUILT_PRODUCTS_DIR}/ESPullToRefresh/ESPullToRefresh.framework",
				"${BUILT_PRODUCTS_DIR}/SQLite.swift/SQLite.framework",
				"${BUILT_PRODUCTS_DIR}/SnapKit/SnapKit.framework",
			);
			name = "[CP] Embed Pods Frameworks";
			outputPaths = (
				"${TARGET_BUILD_DIR}/${FRAMEWORKS_FOLDER_PATH}/ESPullToRefresh.framework",
				"${TARGET_BUILD_DIR}/${FRAMEWORKS_FOLDER_PATH}/SQLite.framework",
				"${TARGET_BUILD_DIR}/${FRAMEWORKS_FOLDER_PATH}/SnapKit.framework",
			);
			runOnlyForDeploymentPostprocessing = 0;
			shellPath = /bin/sh;
			shellScript = "\"${SRCROOT}/Pods/Target Support Files/Pods-tally/Pods-tally-frameworks.sh\"\n";
			showEnvVarsInLog = 0;
		};
/* End PBXShellScriptBuildPhase section */

/* Begin PBXSourcesBuildPhase section */
		133E7BBB222F96B3004D79CC /* Sources */ = {
			isa = PBXSourcesBuildPhase;
			buildActionMask = 2147483647;
			files = (
				13A1E3E82242378800AE9FAD /* CustomDatePicker.swift in Sources */,
				1303C8D52240B3AD00C7D701 /* ConsumeTypeTable.swift in Sources */,
				13E68FB7223CEEB40060B106 /* User.swift in Sources */,
				13088175224B766800E9CFC3 /* RefreshComponent.swift in Sources */,
				1303C8D72240B75100C7D701 /* Summary.swift in Sources */,
				13B60E582239117300A72CBC /* RemarkView.swift in Sources */,
				1323E3D122366C54008AE30E /* ConsumeTypeView.swift in Sources */,
				13708A0B2243827A005DCDE2 /* CustomNavigationBar.swift in Sources */,
				13708A0F2243854A005DCDE2 /* BillingDetailsViewController.swift in Sources */,
				1368F497223E80630053CF28 /* Details_scrollViewItem.swift in Sources */,
				13088173224B757000E9CFC3 /* HeaderRefreshComponent.swift in Sources */,
				1392E510223BAE17007A4C59 /* TallyModel.swift in Sources */,
				13A1E3E62241E84400AE9FAD /* DetailsTopView_DateShowView.swift in Sources */,
				133E7BDC222F9BED004D79CC /* TabBarViewController.swift in Sources */,
				13D5C6F4223D354F005FC8BB /* Details_TopView.swift in Sources */,
				130EB565223F8A0000963016 /* CalendarHelper.swift in Sources */,
				133E7BDF222F9D82004D79CC /* CustomTabBar.swift in Sources */,
				13B60E512238FA1300A72CBC /* SelectDateView.swift in Sources */,
				13E68FAF223CB7C40060B106 /* SqlManager.swift in Sources */,
				13E68FB1223CCA720060B106 /* UsersTable.swift in Sources */,
				134613532230B75000E9136E /* AddViewController.swift in Sources */,
				13708A0D22438373005DCDE2 /* BackButton.swift in Sources */,
				133E7BC5222F96B3004D79CC /* ViewController.swift in Sources */,
				1346135C223100A600E9136E /* KeyboardView.swift in Sources */,
				13F1673E22377CD20018E908 /* MyBtn.swift in Sources */,
				13DD2DA5223A5187008F9B6B /* DateShownView.swift in Sources */,
				134613602231061800E9136E /* Key.swift in Sources */,
				1308816E224B22A000E9CFC3 /* LightRefresh.swift in Sources */,
				133E7BCB222F96B3004D79CC /* tally.xcdatamodeld in Sources */,
				13E68FBB223CFD170060B106 /* TallyList.swift in Sources */,
				133E7BE4222FA81A004D79CC /* Common.swift in Sources */,
				133E7BE8222FAE22004D79CC /* HomeViewController.swift in Sources */,
				1346135A2230F1FA00E9136E /* UIColorExtension.swift in Sources */,
				13838E1E22321255007934E0 /* Add_InputAmountView.swift in Sources */,
				13E68FB9223CF7510060B106 /* TallyTable.swift in Sources */,
				133E7BC3222F96B3004D79CC /* AppDelegate.swift in Sources */,
				13708A07224352F1005DCDE2 /* Details_DateSelectView.swift in Sources */,
				13838E292232733B007934E0 /* ConsumeTypeUICollectionViewFlowLayout.swift in Sources */,
				1392E50E223BAA31007A4C59 /* ConsumeTypeModel.swift in Sources */,
				130EB561223F7FBE00963016 /* Details_ListTableViewHeader.swift in Sources */,
				1303C8D32240969F00C7D701 /* SummaryTallyTable.swift in Sources */,
				1303C8D92240B7E700C7D701 /* ConsumeType.swift in Sources */,
				130EB567223FA85C00963016 /* TallyListHeaderModel.swift in Sources */,
				13088171224B455800E9CFC3 /* FooterRefreshComponent.swift in Sources */,
				134613562230C38D00E9136E /* AddTopView.swift in Sources */,
				13B60E542238FD5A00A72CBC /* TodayView.swift in Sources */,
				1368F499223E83AD0053CF28 /* Details_ListTableViewCell.swift in Sources */,
				13838E2522326895007934E0 /* ConsumeTypeCollectionViewCell.swift in Sources */,
			);
			runOnlyForDeploymentPostprocessing = 0;
		};
/* End PBXSourcesBuildPhase section */

/* Begin PBXVariantGroup section */
		133E7BC6222F96B3004D79CC /* Main.storyboard */ = {
			isa = PBXVariantGroup;
			children = (
				133E7BC7222F96B3004D79CC /* Base */,
			);
			name = Main.storyboard;
			sourceTree = "<group>";
		};
		133E7BCE222F96B4004D79CC /* LaunchScreen.storyboard */ = {
			isa = PBXVariantGroup;
			children = (
				133E7BCF222F96B4004D79CC /* Base */,
			);
			name = LaunchScreen.storyboard;
			sourceTree = "<group>";
		};
/* End PBXVariantGroup section */

/* Begin XCBuildConfiguration section */
		133E7BD2222F96B4004D79CC /* Debug */ = {
			isa = XCBuildConfiguration;
			buildSettings = {
				ALWAYS_SEARCH_USER_PATHS = NO;
				CLANG_ANALYZER_NONNULL = YES;
				CLANG_ANALYZER_NUMBER_OBJECT_CONVERSION = YES_AGGRESSIVE;
				CLANG_CXX_LANGUAGE_STANDARD = "gnu++14";
				CLANG_CXX_LIBRARY = "libc++";
				CLANG_ENABLE_MODULES = YES;
				CLANG_ENABLE_OBJC_ARC = YES;
				CLANG_ENABLE_OBJC_WEAK = YES;
				CLANG_WARN_BLOCK_CAPTURE_AUTORELEASING = YES;
				CLANG_WARN_BOOL_CONVERSION = YES;
				CLANG_WARN_COMMA = YES;
				CLANG_WARN_CONSTANT_CONVERSION = YES;
				CLANG_WARN_DEPRECATED_OBJC_IMPLEMENTATIONS = YES;
				CLANG_WARN_DIRECT_OBJC_ISA_USAGE = YES_ERROR;
				CLANG_WARN_DOCUMENTATION_COMMENTS = YES;
				CLANG_WARN_EMPTY_BODY = YES;
				CLANG_WARN_ENUM_CONVERSION = YES;
				CLANG_WARN_INFINITE_RECURSION = YES;
				CLANG_WARN_INT_CONVERSION = YES;
				CLANG_WARN_NON_LITERAL_NULL_CONVERSION = YES;
				CLANG_WARN_OBJC_IMPLICIT_RETAIN_SELF = YES;
				CLANG_WARN_OBJC_LITERAL_CONVERSION = YES;
				CLANG_WARN_OBJC_ROOT_CLASS = YES_ERROR;
				CLANG_WARN_RANGE_LOOP_ANALYSIS = YES;
				CLANG_WARN_STRICT_PROTOTYPES = YES;
				CLANG_WARN_SUSPICIOUS_MOVE = YES;
				CLANG_WARN_UNGUARDED_AVAILABILITY = YES_AGGRESSIVE;
				CLANG_WARN_UNREACHABLE_CODE = YES;
				CLANG_WARN__DUPLICATE_METHOD_MATCH = YES;
				CODE_SIGN_IDENTITY = "iPhone Developer";
				COPY_PHASE_STRIP = NO;
				DEBUG_INFORMATION_FORMAT = dwarf;
				ENABLE_STRICT_OBJC_MSGSEND = YES;
				ENABLE_TESTABILITY = YES;
				GCC_C_LANGUAGE_STANDARD = gnu11;
				GCC_DYNAMIC_NO_PIC = NO;
				GCC_NO_COMMON_BLOCKS = YES;
				GCC_OPTIMIZATION_LEVEL = 0;
				GCC_PREPROCESSOR_DEFINITIONS = (
					"DEBUG=1",
					"$(inherited)",
				);
				GCC_WARN_64_TO_32_BIT_CONVERSION = YES;
				GCC_WARN_ABOUT_RETURN_TYPE = YES_ERROR;
				GCC_WARN_UNDECLARED_SELECTOR = YES;
				GCC_WARN_UNINITIALIZED_AUTOS = YES_AGGRESSIVE;
				GCC_WARN_UNUSED_FUNCTION = YES;
				GCC_WARN_UNUSED_VARIABLE = YES;
				IPHONEOS_DEPLOYMENT_TARGET = 10.0;
				MTL_ENABLE_DEBUG_INFO = INCLUDE_SOURCE;
				MTL_FAST_MATH = YES;
				ONLY_ACTIVE_ARCH = YES;
				SDKROOT = iphoneos;
				SWIFT_ACTIVE_COMPILATION_CONDITIONS = DEBUG;
				SWIFT_OPTIMIZATION_LEVEL = "-Onone";
			};
			name = Debug;
		};
		133E7BD3222F96B4004D79CC /* Release */ = {
			isa = XCBuildConfiguration;
			buildSettings = {
				ALWAYS_SEARCH_USER_PATHS = NO;
				CLANG_ANALYZER_NONNULL = YES;
				CLANG_ANALYZER_NUMBER_OBJECT_CONVERSION = YES_AGGRESSIVE;
				CLANG_CXX_LANGUAGE_STANDARD = "gnu++14";
				CLANG_CXX_LIBRARY = "libc++";
				CLANG_ENABLE_MODULES = YES;
				CLANG_ENABLE_OBJC_ARC = YES;
				CLANG_ENABLE_OBJC_WEAK = YES;
				CLANG_WARN_BLOCK_CAPTURE_AUTORELEASING = YES;
				CLANG_WARN_BOOL_CONVERSION = YES;
				CLANG_WARN_COMMA = YES;
				CLANG_WARN_CONSTANT_CONVERSION = YES;
				CLANG_WARN_DEPRECATED_OBJC_IMPLEMENTATIONS = YES;
				CLANG_WARN_DIRECT_OBJC_ISA_USAGE = YES_ERROR;
				CLANG_WARN_DOCUMENTATION_COMMENTS = YES;
				CLANG_WARN_EMPTY_BODY = YES;
				CLANG_WARN_ENUM_CONVERSION = YES;
				CLANG_WARN_INFINITE_RECURSION = YES;
				CLANG_WARN_INT_CONVERSION = YES;
				CLANG_WARN_NON_LITERAL_NULL_CONVERSION = YES;
				CLANG_WARN_OBJC_IMPLICIT_RETAIN_SELF = YES;
				CLANG_WARN_OBJC_LITERAL_CONVERSION = YES;
				CLANG_WARN_OBJC_ROOT_CLASS = YES_ERROR;
				CLANG_WARN_RANGE_LOOP_ANALYSIS = YES;
				CLANG_WARN_STRICT_PROTOTYPES = YES;
				CLANG_WARN_SUSPICIOUS_MOVE = YES;
				CLANG_WARN_UNGUARDED_AVAILABILITY = YES_AGGRESSIVE;
				CLANG_WARN_UNREACHABLE_CODE = YES;
				CLANG_WARN__DUPLICATE_METHOD_MATCH = YES;
				CODE_SIGN_IDENTITY = "iPhone Developer";
				COPY_PHASE_STRIP = NO;
				DEBUG_INFORMATION_FORMAT = "dwarf-with-dsym";
				ENABLE_NS_ASSERTIONS = NO;
				ENABLE_STRICT_OBJC_MSGSEND = YES;
				GCC_C_LANGUAGE_STANDARD = gnu11;
				GCC_NO_COMMON_BLOCKS = YES;
				GCC_WARN_64_TO_32_BIT_CONVERSION = YES;
				GCC_WARN_ABOUT_RETURN_TYPE = YES_ERROR;
				GCC_WARN_UNDECLARED_SELECTOR = YES;
				GCC_WARN_UNINITIALIZED_AUTOS = YES_AGGRESSIVE;
				GCC_WARN_UNUSED_FUNCTION = YES;
				GCC_WARN_UNUSED_VARIABLE = YES;
				IPHONEOS_DEPLOYMENT_TARGET = 10.0;
				MTL_ENABLE_DEBUG_INFO = NO;
				MTL_FAST_MATH = YES;
				SDKROOT = iphoneos;
				SWIFT_COMPILATION_MODE = wholemodule;
				SWIFT_OPTIMIZATION_LEVEL = "-O";
				VALIDATE_PRODUCT = YES;
			};
			name = Release;
		};
		133E7BD5222F96B4004D79CC /* Debug */ = {
			isa = XCBuildConfiguration;
			baseConfigurationReference = 19588EB29233DC090F335142 /* Pods-tally.debug.xcconfig */;
			buildSettings = {
				ASSETCATALOG_COMPILER_APPICON_NAME = AppIcon;
				CODE_SIGN_STYLE = Automatic;
				DEVELOPMENT_TEAM = 5946XYVFMV;
				GCC_PREFIX_HEADER = "";
				INFOPLIST_FILE = tally/Info.plist;
				IPHONEOS_DEPLOYMENT_TARGET = 10.0;
				LD_RUNPATH_SEARCH_PATHS = (
					"$(inherited)",
					"@executable_path/Frameworks",
				);
				PRODUCT_BUNDLE_IDENTIFIER = com.unspay.tally;
				PRODUCT_NAME = "$(TARGET_NAME)";
				SWIFT_OBJC_BRIDGING_HEADER = "";
				SWIFT_VERSION = 4.2;
				TARGETED_DEVICE_FAMILY = "1,2";
			};
			name = Debug;
		};
		133E7BD6222F96B4004D79CC /* Release */ = {
			isa = XCBuildConfiguration;
			baseConfigurationReference = 473828AB58C467331F7C001C /* Pods-tally.release.xcconfig */;
			buildSettings = {
				ASSETCATALOG_COMPILER_APPICON_NAME = AppIcon;
				CODE_SIGN_STYLE = Automatic;
				DEVELOPMENT_TEAM = 5946XYVFMV;
				GCC_PREFIX_HEADER = "";
				INFOPLIST_FILE = tally/Info.plist;
				IPHONEOS_DEPLOYMENT_TARGET = 10.0;
				LD_RUNPATH_SEARCH_PATHS = (
					"$(inherited)",
					"@executable_path/Frameworks",
				);
				PRODUCT_BUNDLE_IDENTIFIER = com.unspay.tally;
				PRODUCT_NAME = "$(TARGET_NAME)";
				SWIFT_OBJC_BRIDGING_HEADER = "";
				SWIFT_VERSION = 4.2;
				TARGETED_DEVICE_FAMILY = "1,2";
			};
			name = Release;
		};
/* End XCBuildConfiguration section */

/* Begin XCConfigurationList section */
		133E7BBA222F96B3004D79CC /* Build configuration list for PBXProject "tally" */ = {
			isa = XCConfigurationList;
			buildConfigurations = (
				133E7BD2222F96B4004D79CC /* Debug */,
				133E7BD3222F96B4004D79CC /* Release */,
			);
			defaultConfigurationIsVisible = 0;
			defaultConfigurationName = Release;
		};
		133E7BD4222F96B4004D79CC /* Build configuration list for PBXNativeTarget "tally" */ = {
			isa = XCConfigurationList;
			buildConfigurations = (
				133E7BD5222F96B4004D79CC /* Debug */,
				133E7BD6222F96B4004D79CC /* Release */,
			);
			defaultConfigurationIsVisible = 0;
			defaultConfigurationName = Release;
		};
/* End XCConfigurationList section */

/* Begin XCVersionGroup section */
		133E7BC9222F96B3004D79CC /* tally.xcdatamodeld */ = {
			isa = XCVersionGroup;
			children = (
				133E7BCA222F96B3004D79CC /* tally.xcdatamodel */,
			);
			currentVersion = 133E7BCA222F96B3004D79CC /* tally.xcdatamodel */;
			path = tally.xcdatamodeld;
			sourceTree = "<group>";
			versionGroupType = wrapper.xcdatamodel;
		};
/* End XCVersionGroup section */
	};
	rootObject = 133E7BB7222F96B3004D79CC /* Project object */;
}
